github.com/avast/retry-go/v4 v4.6.0 h1:K9xNA+KeB8HHc2aWFuLb25Offp+0iVRXEvFx8IinRJA=
github.com/avast/retry-go/v4 v4.6.0/go.mod h1:gvWlPhBVsvBbLkVGDg/KwvBv0bEkCOLRRSHKIr2PyOE=
github.com/davecgh/go-spew v1.1.1 h1:vj9j/u1bqnvCEfJOwUhtlOARqs3+rkHYY13jYWTU97c=
github.com/davecgh/go-spew v1.1.1/go.mod h1:J7Y8YcW2NihsgmVo/mv3lAwl/skON4iLHjSsI+c5H38=
github.com/pmezard/go-difflib v1.0.0 h1:4DBwDE0NGyQoBHbLQYPwSUPoCMWR5BEzIk/f1lZbAQM=
github.com/pmezard/go-difflib v1.0.0/go.mod h1:iKH77koFhYxTK1pcRnkKkqfTogsbg7gZNVY4sRDYZ/4=
github.com/stretchr/testify v1.9.0 h1:HtqpIVDClZ4nwg75+f6Lvsy/wHu+3BoSGCbBAcpTsTg=
github.com/stretchr/testify v1.9.0/go.mod h1:r2ic/lqez/lEtzL7wO/rwa5dbSLXVDPFyf8C91i36aY=
github.com/tillberg/autorestart v0.0.0-20220524165049-22c3f5bc7fce h1:NcQ3uInL+f6lY1A75Cupbla2BVhbOIR0VnhX3vAqau4=
github.com/tillberg/autorestart v0.0.0-20220524165049-22c3f5bc7fce/go.mod h1:ZDC6T6DzgNA725fdY3teO4XGeK1jfSFeeZ5Hvlnc+O8=
github.com/tillberg/stringset v0.0.0-20220429204947-12df33ab1cd6 h1:9QVeacXfCTL1mS2tClma3psYYcOIYSOQn0/BD/viH/Q=
github.com/tillberg/stringset v0.0.0-20220429204947-12df33ab1cd6/go.mod h1:fYcF9dZnzutLCGBoA9x0Umi4kqTf5PsSXTW+M4P0qaE=
github.com/tillberg/watcher v0.0.0-20200309151633-e9412552417a h1:bEuy52O1mMAemrWT8/fHsvYYc43jaZ2RRmsj+1aYtUg=
github.com/tillberg/watcher v0.0.0-20200309151633-e9412552417a/go.mod h1:5jDyx/qS4SXr0VPTpPikj9jLQAIR3cqdtZy2f5M2KuA=
golang.org/x/sys v0.22.0 h1:RI27ohtqKCnwULzJLqkv897zojh5/DwS/ENaMzUOaWI=
golang.org/x/sys v0.22.0/go.mod h1:/VUhepiaJMQUp4+oa/7Zr1D23ma6VTLIYjOOTFZPUcA=
golang.org/x/term v0.22.0 h1:BbsgPEJULsl2fV/AT3v15Mjva5yXKQDyKf+TbDz7QJk=
golang.org/x/term v0.22.0/go.mod h1:F3qCibpT5AMpCRfhfT53vVJwhLtIVHhB9XDjfFvnMI4=
gopkg.in/check.v1 v0.0.0-20161208181325-20d25e280405/go.mod h1:Co6ibVJAznAaIkqp8huTwlJQCZ016jof/cbN4VW5Yz0=
gopkg.in/fsnotify/fsnotify.v1 v1.4.7 h1:XNNYLJHt73EyYiCZi6+xjupS9CpvmiDgjPTAjrBlQbo=
gopkg.in/fsnotify/fsnotify.v1 v1.4.7/go.mod h1:Fyux9zXlo4rWoMSIzpn9fDAYjalPqJ/K1qJ27s+7ltE=
gopkg.in/yaml.v3 v3.0.1 h1:fxVm/GzAzEWqLHuvctI91KS9hhNmmWOoWu0XTYJS7CA=
gopkg.in/yaml.v3 v3.0.1/go.mod h1:K4uyk7z7BCEPqu6E+C64Yfv1cQ7kz7rIZviUmN+EgEM=
